// !$*UTF8*$!
{
	archiveVersion = 1;
	classes = {
	};
	objectVersion = 56;
	objects = {

/* Begin PBXBuildFile section */
		02A208E62A96B1EB009FCC26 /* done.json in Resources */ = {isa = PBXBuildFile; fileRef = 02A208E42A96B1EB009FCC26 /* done.json */; };
		02A208E82A96B9C4009FCC26 /* edit.json in Resources */ = {isa = PBXBuildFile; fileRef = 02A208E72A96B9C4009FCC26 /* edit.json */; };
		02A208EC2A97760A009FCC26 /* chart2.json in Resources */ = {isa = PBXBuildFile; fileRef = 02A208EB2A977609009FCC26 /* chart2.json */; };
		02A208EE2A977A47009FCC26 /* chart.json in Resources */ = {isa = PBXBuildFile; fileRef = 02A208ED2A977A47009FCC26 /* chart.json */; };
		02A5B8D22AB4A5CE0086005E /* OnboardingPageView.swift in Sources */ = {isa = PBXBuildFile; fileRef = 02A5B8D12AB4A5CE0086005E /* OnboardingPageView.swift */; };
		02A8ECD42A6D7650001E5661 /* Expense_TrackerApp.swift in Sources */ = {isa = PBXBuildFile; fileRef = 02A8ECD32A6D7650001E5661 /* Expense_TrackerApp.swift */; };
		02A8ECD82A6D7652001E5661 /* Assets.xcassets in Resources */ = {isa = PBXBuildFile; fileRef = 02A8ECD72A6D7652001E5661 /* Assets.xcassets */; };
		02A8ECDB2A6D7652001E5661 /* Preview Assets.xcassets in Resources */ = {isa = PBXBuildFile; fileRef = 02A8ECDA2A6D7652001E5661 /* Preview Assets.xcassets */; };
		02A8ECE52A6D7828001E5661 /* TabBar.swift in Sources */ = {isa = PBXBuildFile; fileRef = 02A8ECE42A6D7828001E5661 /* TabBar.swift */; };
		02A8ECE72A6D7867001E5661 /* TabBarRouter.swift in Sources */ = {isa = PBXBuildFile; fileRef = 02A8ECE62A6D7867001E5661 /* TabBarRouter.swift */; };
		02A8ECE92A6D7891001E5661 /* ProfitView.swift in Sources */ = {isa = PBXBuildFile; fileRef = 02A8ECE82A6D7891001E5661 /* ProfitView.swift */; };
		02A8ECEB2A6D78CA001E5661 /* ChartView.swift in Sources */ = {isa = PBXBuildFile; fileRef = 02A8ECEA2A6D78CA001E5661 /* ChartView.swift */; };
		02A8ECED2A6D78DC001E5661 /* ExpenseView.swift in Sources */ = {isa = PBXBuildFile; fileRef = 02A8ECEC2A6D78DC001E5661 /* ExpenseView.swift */; };
		02A8ECEF2A6D792D001E5661 /* Profit.swift in Sources */ = {isa = PBXBuildFile; fileRef = 02A8ECEE2A6D792D001E5661 /* Profit.swift */; };
		02A8ECF12A6D7955001E5661 /* ExpenseCategory.swift in Sources */ = {isa = PBXBuildFile; fileRef = 02A8ECF02A6D7955001E5661 /* ExpenseCategory.swift */; };
		02A8ECF32A6D7990001E5661 /* Expense.swift in Sources */ = {isa = PBXBuildFile; fileRef = 02A8ECF22A6D7990001E5661 /* Expense.swift */; };
		02A8ECF52A6D79C6001E5661 /* ChartsData.swift in Sources */ = {isa = PBXBuildFile; fileRef = 02A8ECF42A6D79C6001E5661 /* ChartsData.swift */; };
		02A8ECF72A6D79E7001E5661 /* Interval.swift in Sources */ = {isa = PBXBuildFile; fileRef = 02A8ECF62A6D79E7001E5661 /* Interval.swift */; };
		02A8ECF92A6D7A1C001E5661 /* ProfitViewModel.swift in Sources */ = {isa = PBXBuildFile; fileRef = 02A8ECF82A6D7A1B001E5661 /* ProfitViewModel.swift */; };
		02A8ECFB2A6D7A85001E5661 /* ExpenseData.swift in Sources */ = {isa = PBXBuildFile; fileRef = 02A8ECFA2A6D7A85001E5661 /* ExpenseData.swift */; };
		02A8ECFE2A6D7ACD001E5661 /* Extension.swift in Sources */ = {isa = PBXBuildFile; fileRef = 02A8ECFD2A6D7ACD001E5661 /* Extension.swift */; };
		02A8ED002A6D7B6D001E5661 /* AddProfitView.swift in Sources */ = {isa = PBXBuildFile; fileRef = 02A8ECFF2A6D7B6D001E5661 /* AddProfitView.swift */; };
		02A8ED032A6D7DAA001E5661 /* ChartViewModel.swift in Sources */ = {isa = PBXBuildFile; fileRef = 02A8ED022A6D7DAA001E5661 /* ChartViewModel.swift */; };
		02A8ED072A6D8049001E5661 /* ExpenseViewModel.swift in Sources */ = {isa = PBXBuildFile; fileRef = 02A8ED062A6D8049001E5661 /* ExpenseViewModel.swift */; };
		02A8ED092A6D80CA001E5661 /* AddCostsView.swift in Sources */ = {isa = PBXBuildFile; fileRef = 02A8ED082A6D80CA001E5661 /* AddCostsView.swift */; };
		02A8ED0B2A6D8CA4001E5661 /* ExpenseDetailViewModel.swift in Sources */ = {isa = PBXBuildFile; fileRef = 02A8ED0A2A6D8CA4001E5661 /* ExpenseDetailViewModel.swift */; };
		02A8ED0D2A6D8CE8001E5661 /* ExpenseDetailView.swift in Sources */ = {isa = PBXBuildFile; fileRef = 02A8ED0C2A6D8CE8001E5661 /* ExpenseDetailView.swift */; };
		02A8ED0F2A6D8DC2001E5661 /* AddExpenseView.swift in Sources */ = {isa = PBXBuildFile; fileRef = 02A8ED0E2A6D8DC2001E5661 /* AddExpenseView.swift */; };
		02A8ED112A6D8EE3001E5661 /* ExpenseChartView.swift in Sources */ = {isa = PBXBuildFile; fileRef = 02A8ED102A6D8EE3001E5661 /* ExpenseChartView.swift */; };
		02A8ED132A6D8F79001E5661 /* ExpenseChartViewModel.swift in Sources */ = {isa = PBXBuildFile; fileRef = 02A8ED122A6D8F79001E5661 /* ExpenseChartViewModel.swift */; };
		02A8ED162A6EB0EB001E5661 /* Lottie in Frameworks */ = {isa = PBXBuildFile; productRef = 02A8ED152A6EB0EB001E5661 /* Lottie */; };
		02A8ED1A2A6EB6DF001E5661 /* LottieView.swift in Sources */ = {isa = PBXBuildFile; fileRef = 02A8ED192A6EB6DF001E5661 /* LottieView.swift */; };
		02A8ED2F2A6FFA76001E5661 /* moon.json in Resources */ = {isa = PBXBuildFile; fileRef = 02A8ED2E2A6FFA76001E5661 /* moon.json */; };
		02A8ED312A6FFB60001E5661 /* sun.json in Resources */ = {isa = PBXBuildFile; fileRef = 02A8ED302A6FFB5F001E5661 /* sun.json */; };
		C9DD68452ABB0BEB00C6F8D6 /* Onboarding.swift in Sources */ = {isa = PBXBuildFile; fileRef = C9DD68442ABB0BEB00C6F8D6 /* Onboarding.swift */; };
		C9DD68472ABB0C1B00C6F8D6 /* OnboardingViewModel.swift in Sources */ = {isa = PBXBuildFile; fileRef = C9DD68462ABB0C1B00C6F8D6 /* OnboardingViewModel.swift */; };
		C9DD68492ABB0CA500C6F8D6 /* OnboardingView.swift in Sources */ = {isa = PBXBuildFile; fileRef = C9DD68482ABB0CA500C6F8D6 /* OnboardingView.swift */; };
/* End PBXBuildFile section */

/* Begin PBXFileReference section */
		02A208E42A96B1EB009FCC26 /* done.json */ = {isa = PBXFileReference; fileEncoding = 4; lastKnownFileType = text.json; path = done.json; sourceTree = "<group>"; };
		02A208E72A96B9C4009FCC26 /* edit.json */ = {isa = PBXFileReference; fileEncoding = 4; lastKnownFileType = text.json; path = edit.json; sourceTree = "<group>"; };
		02A208EB2A977609009FCC26 /* chart2.json */ = {isa = PBXFileReference; fileEncoding = 4; lastKnownFileType = text.json; path = chart2.json; sourceTree = "<group>"; };
		02A208ED2A977A47009FCC26 /* chart.json */ = {isa = PBXFileReference; fileEncoding = 4; lastKnownFileType = text.json; path = chart.json; sourceTree = "<group>"; };
		02A5B8D12AB4A5CE0086005E /* OnboardingPageView.swift */ = {isa = PBXFileReference; lastKnownFileType = sourcecode.swift; path = OnboardingPageView.swift; sourceTree = "<group>"; };
		02A8ECD02A6D7650001E5661 /* Expense Tracker.app */ = {isa = PBXFileReference; explicitFileType = wrapper.application; includeInIndex = 0; path = "Expense Tracker.app"; sourceTree = BUILT_PRODUCTS_DIR; };
		02A8ECD32A6D7650001E5661 /* Expense_TrackerApp.swift */ = {isa = PBXFileReference; lastKnownFileType = sourcecode.swift; path = Expense_TrackerApp.swift; sourceTree = "<group>"; };
		02A8ECD72A6D7652001E5661 /* Assets.xcassets */ = {isa = PBXFileReference; lastKnownFileType = folder.assetcatalog; path = Assets.xcassets; sourceTree = "<group>"; };
		02A8ECDA2A6D7652001E5661 /* Preview Assets.xcassets */ = {isa = PBXFileReference; lastKnownFileType = folder.assetcatalog; path = "Preview Assets.xcassets"; sourceTree = "<group>"; };
		02A8ECE42A6D7828001E5661 /* TabBar.swift */ = {isa = PBXFileReference; lastKnownFileType = sourcecode.swift; path = TabBar.swift; sourceTree = "<group>"; };
		02A8ECE62A6D7867001E5661 /* TabBarRouter.swift */ = {isa = PBXFileReference; lastKnownFileType = sourcecode.swift; path = TabBarRouter.swift; sourceTree = "<group>"; };
		02A8ECE82A6D7891001E5661 /* ProfitView.swift */ = {isa = PBXFileReference; lastKnownFileType = sourcecode.swift; path = ProfitView.swift; sourceTree = "<group>"; };
		02A8ECEA2A6D78CA001E5661 /* ChartView.swift */ = {isa = PBXFileReference; lastKnownFileType = sourcecode.swift; path = ChartView.swift; sourceTree = "<group>"; };
		02A8ECEC2A6D78DC001E5661 /* ExpenseView.swift */ = {isa = PBXFileReference; lastKnownFileType = sourcecode.swift; path = ExpenseView.swift; sourceTree = "<group>"; };
		02A8ECEE2A6D792D001E5661 /* Profit.swift */ = {isa = PBXFileReference; lastKnownFileType = sourcecode.swift; path = Profit.swift; sourceTree = "<group>"; };
		02A8ECF02A6D7955001E5661 /* ExpenseCategory.swift */ = {isa = PBXFileReference; lastKnownFileType = sourcecode.swift; path = ExpenseCategory.swift; sourceTree = "<group>"; };
		02A8ECF22A6D7990001E5661 /* Expense.swift */ = {isa = PBXFileReference; lastKnownFileType = sourcecode.swift; path = Expense.swift; sourceTree = "<group>"; };
		02A8ECF42A6D79C6001E5661 /* ChartsData.swift */ = {isa = PBXFileReference; lastKnownFileType = sourcecode.swift; path = ChartsData.swift; sourceTree = "<group>"; };
		02A8ECF62A6D79E7001E5661 /* Interval.swift */ = {isa = PBXFileReference; lastKnownFileType = sourcecode.swift; path = Interval.swift; sourceTree = "<group>"; };
		02A8ECF82A6D7A1B001E5661 /* ProfitViewModel.swift */ = {isa = PBXFileReference; lastKnownFileType = sourcecode.swift; path = ProfitViewModel.swift; sourceTree = "<group>"; };
		02A8ECFA2A6D7A85001E5661 /* ExpenseData.swift */ = {isa = PBXFileReference; lastKnownFileType = sourcecode.swift; path = ExpenseData.swift; sourceTree = "<group>"; };
		02A8ECFD2A6D7ACD001E5661 /* Extension.swift */ = {isa = PBXFileReference; lastKnownFileType = sourcecode.swift; path = Extension.swift; sourceTree = "<group>"; };
		02A8ECFF2A6D7B6D001E5661 /* AddProfitView.swift */ = {isa = PBXFileReference; lastKnownFileType = sourcecode.swift; path = AddProfitView.swift; sourceTree = "<group>"; };
		02A8ED022A6D7DAA001E5661 /* ChartViewModel.swift */ = {isa = PBXFileReference; lastKnownFileType = sourcecode.swift; path = ChartViewModel.swift; sourceTree = "<group>"; };
		02A8ED062A6D8049001E5661 /* ExpenseViewModel.swift */ = {isa = PBXFileReference; lastKnownFileType = sourcecode.swift; path = ExpenseViewModel.swift; sourceTree = "<group>"; };
		02A8ED082A6D80CA001E5661 /* AddCostsView.swift */ = {isa = PBXFileReference; lastKnownFileType = sourcecode.swift; path = AddCostsView.swift; sourceTree = "<group>"; };
		02A8ED0A2A6D8CA4001E5661 /* ExpenseDetailViewModel.swift */ = {isa = PBXFileReference; lastKnownFileType = sourcecode.swift; path = ExpenseDetailViewModel.swift; sourceTree = "<group>"; };
		02A8ED0C2A6D8CE8001E5661 /* ExpenseDetailView.swift */ = {isa = PBXFileReference; lastKnownFileType = sourcecode.swift; path = ExpenseDetailView.swift; sourceTree = "<group>"; };
		02A8ED0E2A6D8DC2001E5661 /* AddExpenseView.swift */ = {isa = PBXFileReference; lastKnownFileType = sourcecode.swift; path = AddExpenseView.swift; sourceTree = "<group>"; };
		02A8ED102A6D8EE3001E5661 /* ExpenseChartView.swift */ = {isa = PBXFileReference; lastKnownFileType = sourcecode.swift; path = ExpenseChartView.swift; sourceTree = "<group>"; };
		02A8ED122A6D8F79001E5661 /* ExpenseChartViewModel.swift */ = {isa = PBXFileReference; lastKnownFileType = sourcecode.swift; path = ExpenseChartViewModel.swift; sourceTree = "<group>"; };
		02A8ED192A6EB6DF001E5661 /* LottieView.swift */ = {isa = PBXFileReference; lastKnownFileType = sourcecode.swift; path = LottieView.swift; sourceTree = "<group>"; };
		02A8ED2E2A6FFA76001E5661 /* moon.json */ = {isa = PBXFileReference; fileEncoding = 4; lastKnownFileType = text.json; path = moon.json; sourceTree = "<group>"; };
		02A8ED302A6FFB5F001E5661 /* sun.json */ = {isa = PBXFileReference; fileEncoding = 4; lastKnownFileType = text.json; path = sun.json; sourceTree = "<group>"; };
		C9DD68442ABB0BEB00C6F8D6 /* Onboarding.swift */ = {isa = PBXFileReference; lastKnownFileType = sourcecode.swift; path = Onboarding.swift; sourceTree = "<group>"; };
		C9DD68462ABB0C1B00C6F8D6 /* OnboardingViewModel.swift */ = {isa = PBXFileReference; lastKnownFileType = sourcecode.swift; path = OnboardingViewModel.swift; sourceTree = "<group>"; };
		C9DD68482ABB0CA500C6F8D6 /* OnboardingView.swift */ = {isa = PBXFileReference; lastKnownFileType = sourcecode.swift; path = OnboardingView.swift; sourceTree = "<group>"; };
/* End PBXFileReference section */

/* Begin PBXFrameworksBuildPhase section */
		02A8ECCD2A6D7650001E5661 /* Frameworks */ = {
			isa = PBXFrameworksBuildPhase;
			buildActionMask = 2147483647;
			files = (
				02A8ED162A6EB0EB001E5661 /* Lottie in Frameworks */,
			);
			runOnlyForDeploymentPostprocessing = 0;
		};
/* End PBXFrameworksBuildPhase section */

/* Begin PBXGroup section */
		02A5B8D02AB4A5A40086005E /* Onboarding */ = {
			isa = PBXGroup;
			children = (
				02A5B8D12AB4A5CE0086005E /* OnboardingPageView.swift */,
				C9DD68482ABB0CA500C6F8D6 /* OnboardingView.swift */,
			);
			path = Onboarding;
			sourceTree = "<group>";
		};
		02A8ECC72A6D7650001E5661 = {
			isa = PBXGroup;
			children = (
				02A8ECD22A6D7650001E5661 /* Expense Tracker */,
				02A8ECD12A6D7650001E5661 /* Products */,
			);
			sourceTree = "<group>";
		};
		02A8ECD12A6D7650001E5661 /* Products */ = {
			isa = PBXGroup;
			children = (
				02A8ECD02A6D7650001E5661 /* Expense Tracker.app */,
			);
			name = Products;
			sourceTree = "<group>";
		};
		02A8ECD22A6D7650001E5661 /* Expense Tracker */ = {
			isa = PBXGroup;
			children = (
				02A8ECD32A6D7650001E5661 /* Expense_TrackerApp.swift */,
				02A8ECE12A6D77D6001E5661 /* Model */,
				02A8ECE32A6D77EA001E5661 /* ViewModel */,
				02A8ECE22A6D77E4001E5661 /* View */,
				02A8ECFC2A6D7ABA001E5661 /* Extension */,
				02A8ED1B2A6EB7A3001E5661 /* Lottie */,
				02A8ECD72A6D7652001E5661 /* Assets.xcassets */,
				02A8ECD92A6D7652001E5661 /* Preview Content */,
			);
			path = "Expense Tracker";
			sourceTree = "<group>";
		};
		02A8ECD92A6D7652001E5661 /* Preview Content */ = {
			isa = PBXGroup;
			children = (
				02A8ECDA2A6D7652001E5661 /* Preview Assets.xcassets */,
			);
			path = "Preview Content";
			sourceTree = "<group>";
		};
		02A8ECE12A6D77D6001E5661 /* Model */ = {
			isa = PBXGroup;
			children = (
				C9DD68442ABB0BEB00C6F8D6 /* Onboarding.swift */,
				02A8ECEE2A6D792D001E5661 /* Profit.swift */,
				02A8ECF42A6D79C6001E5661 /* ChartsData.swift */,
				02A8ECF02A6D7955001E5661 /* ExpenseCategory.swift */,
				02A8ECF22A6D7990001E5661 /* Expense.swift */,
				02A8ECFA2A6D7A85001E5661 /* ExpenseData.swift */,
				02A8ECF62A6D79E7001E5661 /* Interval.swift */,
			);
			path = Model;
			sourceTree = "<group>";
		};
		02A8ECE22A6D77E4001E5661 /* View */ = {
			isa = PBXGroup;
			children = (
				02A8ECE42A6D7828001E5661 /* TabBar.swift */,
				02A5B8D02AB4A5A40086005E /* Onboarding */,
				02A8ED012A6D7BDA001E5661 /* Profit */,
				02A8ED042A6D7F37001E5661 /* Chart */,
				02A8ED052A6D7F3F001E5661 /* Expense */,
			);
			path = View;
			sourceTree = "<group>";
		};
		02A8ECE32A6D77EA001E5661 /* ViewModel */ = {
			isa = PBXGroup;
			children = (
				02A8ECE62A6D7867001E5661 /* TabBarRouter.swift */,
				C9DD68462ABB0C1B00C6F8D6 /* OnboardingViewModel.swift */,
				02A8ECF82A6D7A1B001E5661 /* ProfitViewModel.swift */,
				02A8ED022A6D7DAA001E5661 /* ChartViewModel.swift */,
				02A8ED062A6D8049001E5661 /* ExpenseViewModel.swift */,
				02A8ED0A2A6D8CA4001E5661 /* ExpenseDetailViewModel.swift */,
				02A8ED122A6D8F79001E5661 /* ExpenseChartViewModel.swift */,
			);
			path = ViewModel;
			sourceTree = "<group>";
		};
		02A8ECFC2A6D7ABA001E5661 /* Extension */ = {
			isa = PBXGroup;
			children = (
				02A8ECFD2A6D7ACD001E5661 /* Extension.swift */,
			);
			path = Extension;
			sourceTree = "<group>";
		};
		02A8ED012A6D7BDA001E5661 /* Profit */ = {
			isa = PBXGroup;
			children = (
				02A8ECE82A6D7891001E5661 /* ProfitView.swift */,
				02A8ECFF2A6D7B6D001E5661 /* AddProfitView.swift */,
			);
			path = Profit;
			sourceTree = "<group>";
		};
		02A8ED042A6D7F37001E5661 /* Chart */ = {
			isa = PBXGroup;
			children = (
				02A8ECEA2A6D78CA001E5661 /* ChartView.swift */,
			);
			path = Chart;
			sourceTree = "<group>";
		};
		02A8ED052A6D7F3F001E5661 /* Expense */ = {
			isa = PBXGroup;
			children = (
				02A8ECEC2A6D78DC001E5661 /* ExpenseView.swift */,
				02A8ED082A6D80CA001E5661 /* AddCostsView.swift */,
				02A8ED0C2A6D8CE8001E5661 /* ExpenseDetailView.swift */,
				02A8ED0E2A6D8DC2001E5661 /* AddExpenseView.swift */,
				02A8ED102A6D8EE3001E5661 /* ExpenseChartView.swift */,
			);
			path = Expense;
			sourceTree = "<group>";
		};
		02A8ED1B2A6EB7A3001E5661 /* Lottie */ = {
			isa = PBXGroup;
			children = (
				02A8ED192A6EB6DF001E5661 /* LottieView.swift */,
				02A8ED302A6FFB5F001E5661 /* sun.json */,
				02A208EB2A977609009FCC26 /* chart2.json */,
				02A208ED2A977A47009FCC26 /* chart.json */,
				02A208E72A96B9C4009FCC26 /* edit.json */,
				02A208E42A96B1EB009FCC26 /* done.json */,
				02A8ED2E2A6FFA76001E5661 /* moon.json */,
			);
			path = Lottie;
			sourceTree = "<group>";
		};
/* End PBXGroup section */

/* Begin PBXNativeTarget section */
		02A8ECCF2A6D7650001E5661 /* Expense Tracker */ = {
			isa = PBXNativeTarget;
			buildConfigurationList = 02A8ECDE2A6D7652001E5661 /* Build configuration list for PBXNativeTarget "Expense Tracker" */;
			buildPhases = (
				02A8ECCC2A6D7650001E5661 /* Sources */,
				02A8ECCD2A6D7650001E5661 /* Frameworks */,
				02A8ECCE2A6D7650001E5661 /* Resources */,
			);
			buildRules = (
			);
			dependencies = (
			);
			name = "Expense Tracker";
			packageProductDependencies = (
				02A8ED152A6EB0EB001E5661 /* Lottie */,
			);
			productName = "Expense Tracker";
			productReference = 02A8ECD02A6D7650001E5661 /* Expense Tracker.app */;
			productType = "com.apple.product-type.application";
		};
/* End PBXNativeTarget section */

/* Begin PBXProject section */
		02A8ECC82A6D7650001E5661 /* Project object */ = {
			isa = PBXProject;
			attributes = {
				BuildIndependentTargetsInParallel = 1;
				LastSwiftUpdateCheck = 1430;
				LastUpgradeCheck = 1430;
				TargetAttributes = {
					02A8ECCF2A6D7650001E5661 = {
						CreatedOnToolsVersion = 14.3.1;
					};
				};
			};
			buildConfigurationList = 02A8ECCB2A6D7650001E5661 /* Build configuration list for PBXProject "Expense Tracker" */;
			compatibilityVersion = "Xcode 14.0";
			developmentRegion = en;
			hasScannedForEncodings = 0;
			knownRegions = (
				en,
				Base,
			);
			mainGroup = 02A8ECC72A6D7650001E5661;
			packageReferences = (
				02A8ED142A6EB0EB001E5661 /* XCRemoteSwiftPackageReference "lottie-ios" */,
			);
			productRefGroup = 02A8ECD12A6D7650001E5661 /* Products */;
			projectDirPath = "";
			projectRoot = "";
			targets = (
				02A8ECCF2A6D7650001E5661 /* Expense Tracker */,
			);
		};
/* End PBXProject section */

/* Begin PBXResourcesBuildPhase section */
		02A8ECCE2A6D7650001E5661 /* Resources */ = {
			isa = PBXResourcesBuildPhase;
			buildActionMask = 2147483647;
			files = (
				02A208E82A96B9C4009FCC26 /* edit.json in Resources */,
				02A8ED312A6FFB60001E5661 /* sun.json in Resources */,
				02A208E62A96B1EB009FCC26 /* done.json in Resources */,
				02A8ECDB2A6D7652001E5661 /* Preview Assets.xcassets in Resources */,
				02A208EE2A977A47009FCC26 /* chart.json in Resources */,
				02A8ECD82A6D7652001E5661 /* Assets.xcassets in Resources */,
				02A8ED2F2A6FFA76001E5661 /* moon.json in Resources */,
				02A208EC2A97760A009FCC26 /* chart2.json in Resources */,
			);
			runOnlyForDeploymentPostprocessing = 0;
		};
/* End PBXResourcesBuildPhase section */

/* Begin PBXSourcesBuildPhase section */
		02A8ECCC2A6D7650001E5661 /* Sources */ = {
			isa = PBXSourcesBuildPhase;
			buildActionMask = 2147483647;
			files = (
				02A8ED002A6D7B6D001E5661 /* AddProfitView.swift in Sources */,
				02A8ECF52A6D79C6001E5661 /* ChartsData.swift in Sources */,
				02A8ECE92A6D7891001E5661 /* ProfitView.swift in Sources */,
				02A8ECE52A6D7828001E5661 /* TabBar.swift in Sources */,
				C9DD68472ABB0C1B00C6F8D6 /* OnboardingViewModel.swift in Sources */,
				02A8ECF72A6D79E7001E5661 /* Interval.swift in Sources */,
				02A8ECF92A6D7A1C001E5661 /* ProfitViewModel.swift in Sources */,
				02A8ECE72A6D7867001E5661 /* TabBarRouter.swift in Sources */,
				02A8ED092A6D80CA001E5661 /* AddCostsView.swift in Sources */,
				C9DD68452ABB0BEB00C6F8D6 /* Onboarding.swift in Sources */,
				02A8ECEB2A6D78CA001E5661 /* ChartView.swift in Sources */,
				02A8ECD42A6D7650001E5661 /* Expense_TrackerApp.swift in Sources */,
				02A8ED112A6D8EE3001E5661 /* ExpenseChartView.swift in Sources */,
				C9DD68492ABB0CA500C6F8D6 /* OnboardingView.swift in Sources */,
				02A8ED0B2A6D8CA4001E5661 /* ExpenseDetailViewModel.swift in Sources */,
				02A8ECEF2A6D792D001E5661 /* Profit.swift in Sources */,
				02A8ED0D2A6D8CE8001E5661 /* ExpenseDetailView.swift in Sources */,
				02A8ECFE2A6D7ACD001E5661 /* Extension.swift in Sources */,
				02A8ECF32A6D7990001E5661 /* Expense.swift in Sources */,
				02A8ED072A6D8049001E5661 /* ExpenseViewModel.swift in Sources */,
				02A8ECF12A6D7955001E5661 /* ExpenseCategory.swift in Sources */,
				02A8ED032A6D7DAA001E5661 /* ChartViewModel.swift in Sources */,
				02A8ED132A6D8F79001E5661 /* ExpenseChartViewModel.swift in Sources */,
				02A5B8D22AB4A5CE0086005E /* OnboardingPageView.swift in Sources */,
				02A8ED0F2A6D8DC2001E5661 /* AddExpenseView.swift in Sources */,
				02A8ED1A2A6EB6DF001E5661 /* LottieView.swift in Sources */,
				02A8ECED2A6D78DC001E5661 /* ExpenseView.swift in Sources */,
				02A8ECFB2A6D7A85001E5661 /* ExpenseData.swift in Sources */,
			);
			runOnlyForDeploymentPostprocessing = 0;
		};
/* End PBXSourcesBuildPhase section */

/* Begin XCBuildConfiguration section */
		02A8ECDC2A6D7652001E5661 /* Debug */ = {
			isa = XCBuildConfiguration;
			buildSettings = {
				ALWAYS_SEARCH_USER_PATHS = NO;
				CLANG_ANALYZER_NONNULL = YES;
				CLANG_ANALYZER_NUMBER_OBJECT_CONVERSION = YES_AGGRESSIVE;
				CLANG_CXX_LANGUAGE_STANDARD = "gnu++20";
				CLANG_ENABLE_MODULES = YES;
				CLANG_ENABLE_OBJC_ARC = YES;
				CLANG_ENABLE_OBJC_WEAK = YES;
				CLANG_WARN_BLOCK_CAPTURE_AUTORELEASING = YES;
				CLANG_WARN_BOOL_CONVERSION = YES;
				CLANG_WARN_COMMA = YES;
				CLANG_WARN_CONSTANT_CONVERSION = YES;
				CLANG_WARN_DEPRECATED_OBJC_IMPLEMENTATIONS = YES;
				CLANG_WARN_DIRECT_OBJC_ISA_USAGE = YES_ERROR;
				CLANG_WARN_DOCUMENTATION_COMMENTS = YES;
				CLANG_WARN_EMPTY_BODY = YES;
				CLANG_WARN_ENUM_CONVERSION = YES;
				CLANG_WARN_INFINITE_RECURSION = YES;
				CLANG_WARN_INT_CONVERSION = YES;
				CLANG_WARN_NON_LITERAL_NULL_CONVERSION = YES;
				CLANG_WARN_OBJC_IMPLICIT_RETAIN_SELF = YES;
				CLANG_WARN_OBJC_LITERAL_CONVERSION = YES;
				CLANG_WARN_OBJC_ROOT_CLASS = YES_ERROR;
				CLANG_WARN_QUOTED_INCLUDE_IN_FRAMEWORK_HEADER = YES;
				CLANG_WARN_RANGE_LOOP_ANALYSIS = YES;
				CLANG_WARN_STRICT_PROTOTYPES = YES;
				CLANG_WARN_SUSPICIOUS_MOVE = YES;
				CLANG_WARN_UNGUARDED_AVAILABILITY = YES_AGGRESSIVE;
				CLANG_WARN_UNREACHABLE_CODE = YES;
				CLANG_WARN__DUPLICATE_METHOD_MATCH = YES;
				COPY_PHASE_STRIP = NO;
				DEBUG_INFORMATION_FORMAT = dwarf;
				ENABLE_STRICT_OBJC_MSGSEND = YES;
				ENABLE_TESTABILITY = YES;
				GCC_C_LANGUAGE_STANDARD = gnu11;
				GCC_DYNAMIC_NO_PIC = NO;
				GCC_NO_COMMON_BLOCKS = YES;
				GCC_OPTIMIZATION_LEVEL = 0;
				GCC_PREPROCESSOR_DEFINITIONS = (
					"DEBUG=1",
					"$(inherited)",
				);
				GCC_WARN_64_TO_32_BIT_CONVERSION = YES;
				GCC_WARN_ABOUT_RETURN_TYPE = YES_ERROR;
				GCC_WARN_UNDECLARED_SELECTOR = YES;
				GCC_WARN_UNINITIALIZED_AUTOS = YES_AGGRESSIVE;
				GCC_WARN_UNUSED_FUNCTION = YES;
				GCC_WARN_UNUSED_VARIABLE = YES;
				IPHONEOS_DEPLOYMENT_TARGET = 16.0;
				MTL_ENABLE_DEBUG_INFO = INCLUDE_SOURCE;
				MTL_FAST_MATH = YES;
				ONLY_ACTIVE_ARCH = YES;
				SDKROOT = iphoneos;
				SWIFT_ACTIVE_COMPILATION_CONDITIONS = DEBUG;
				SWIFT_OPTIMIZATION_LEVEL = "-Onone";
			};
			name = Debug;
		};
		02A8ECDD2A6D7652001E5661 /* Release */ = {
			isa = XCBuildConfiguration;
			buildSettings = {
				ALWAYS_SEARCH_USER_PATHS = NO;
				CLANG_ANALYZER_NONNULL = YES;
				CLANG_ANALYZER_NUMBER_OBJECT_CONVERSION = YES_AGGRESSIVE;
				CLANG_CXX_LANGUAGE_STANDARD = "gnu++20";
				CLANG_ENABLE_MODULES = YES;
				CLANG_ENABLE_OBJC_ARC = YES;
				CLANG_ENABLE_OBJC_WEAK = YES;
				CLANG_WARN_BLOCK_CAPTURE_AUTORELEASING = YES;
				CLANG_WARN_BOOL_CONVERSION = YES;
				CLANG_WARN_COMMA = YES;
				CLANG_WARN_CONSTANT_CONVERSION = YES;
				CLANG_WARN_DEPRECATED_OBJC_IMPLEMENTATIONS = YES;
				CLANG_WARN_DIRECT_OBJC_ISA_USAGE = YES_ERROR;
				CLANG_WARN_DOCUMENTATION_COMMENTS = YES;
				CLANG_WARN_EMPTY_BODY = YES;
				CLANG_WARN_ENUM_CONVERSION = YES;
				CLANG_WARN_INFINITE_RECURSION = YES;
				CLANG_WARN_INT_CONVERSION = YES;
				CLANG_WARN_NON_LITERAL_NULL_CONVERSION = YES;
				CLANG_WARN_OBJC_IMPLICIT_RETAIN_SELF = YES;
				CLANG_WARN_OBJC_LITERAL_CONVERSION = YES;
				CLANG_WARN_OBJC_ROOT_CLASS = YES_ERROR;
				CLANG_WARN_QUOTED_INCLUDE_IN_FRAMEWORK_HEADER = YES;
				CLANG_WARN_RANGE_LOOP_ANALYSIS = YES;
				CLANG_WARN_STRICT_PROTOTYPES = YES;
				CLANG_WARN_SUSPICIOUS_MOVE = YES;
				CLANG_WARN_UNGUARDED_AVAILABILITY = YES_AGGRESSIVE;
				CLANG_WARN_UNREACHABLE_CODE = YES;
				CLANG_WARN__DUPLICATE_METHOD_MATCH = YES;
				COPY_PHASE_STRIP = NO;
				DEBUG_INFORMATION_FORMAT = "dwarf-with-dsym";
				ENABLE_NS_ASSERTIONS = NO;
				ENABLE_STRICT_OBJC_MSGSEND = YES;
				GCC_C_LANGUAGE_STANDARD = gnu11;
				GCC_NO_COMMON_BLOCKS = YES;
				GCC_WARN_64_TO_32_BIT_CONVERSION = YES;
				GCC_WARN_ABOUT_RETURN_TYPE = YES_ERROR;
				GCC_WARN_UNDECLARED_SELECTOR = YES;
				GCC_WARN_UNINITIALIZED_AUTOS = YES_AGGRESSIVE;
				GCC_WARN_UNUSED_FUNCTION = YES;
				GCC_WARN_UNUSED_VARIABLE = YES;
				IPHONEOS_DEPLOYMENT_TARGET = 16.0;
				MTL_ENABLE_DEBUG_INFO = NO;
				MTL_FAST_MATH = YES;
				SDKROOT = iphoneos;
				SWIFT_COMPILATION_MODE = wholemodule;
				SWIFT_OPTIMIZATION_LEVEL = "-O";
				VALIDATE_PRODUCT = YES;
			};
			name = Release;
		};
		02A8ECDF2A6D7652001E5661 /* Debug */ = {
			isa = XCBuildConfiguration;
			buildSettings = {
				ASSETCATALOG_COMPILER_APPICON_NAME = AppIcon;
				ASSETCATALOG_COMPILER_GLOBAL_ACCENT_COLOR_NAME = AccentColor;
				CODE_SIGN_STYLE = Automatic;
				CURRENT_PROJECT_VERSION = 1;
				DEVELOPMENT_ASSET_PATHS = "\"Expense Tracker/Preview Content\"";
				DEVELOPMENT_TEAM = VFMBL3LXSP;
				ENABLE_PREVIEWS = YES;
				GENERATE_INFOPLIST_FILE = YES;
				INFOPLIST_KEY_UIApplicationSceneManifest_Generation = YES;
				INFOPLIST_KEY_UIApplicationSupportsIndirectInputEvents = YES;
				INFOPLIST_KEY_UILaunchScreen_Generation = YES;
				INFOPLIST_KEY_UISupportedInterfaceOrientations = UIInterfaceOrientationPortrait;
				INFOPLIST_KEY_UISupportedInterfaceOrientations_iPad = "UIInterfaceOrientationLandscapeLeft UIInterfaceOrientationLandscapeRight UIInterfaceOrientationPortrait UIInterfaceOrientationPortraitUpsideDown";
				IPHONEOS_DEPLOYMENT_TARGET = 16.0;
				LD_RUNPATH_SEARCH_PATHS = (
					"$(inherited)",
					"@executable_path/Frameworks",
				);
				MARKETING_VERSION = 1.0;
				PRODUCT_BUNDLE_IDENTIFIER = "k4.Expense-Tracker";
				PRODUCT_NAME = "$(TARGET_NAME)";
				SUPPORTED_PLATFORMS = "iphoneos iphonesimulator";
				SUPPORTS_MACCATALYST = NO;
				SUPPORTS_MAC_DESIGNED_FOR_IPHONE_IPAD = NO;
				SWIFT_EMIT_LOC_STRINGS = YES;
				SWIFT_VERSION = 5.0;
				TARGETED_DEVICE_FAMILY = 1;
			};
			name = Debug;
		};
		02A8ECE02A6D7652001E5661 /* Release */ = {
			isa = XCBuildConfiguration;
			buildSettings = {
				ASSETCATALOG_COMPILER_APPICON_NAME = AppIcon;
				ASSETCATALOG_COMPILER_GLOBAL_ACCENT_COLOR_NAME = AccentColor;
				CODE_SIGN_STYLE = Automatic;
				CURRENT_PROJECT_VERSION = 1;
				DEVELOPMENT_ASSET_PATHS = "\"Expense Tracker/Preview Content\"";
				DEVELOPMENT_TEAM = VFMBL3LXSP;
				ENABLE_PREVIEWS = YES;
				GENERATE_INFOPLIST_FILE = YES;
				INFOPLIST_KEY_UIApplicationSceneManifest_Generation = YES;
				INFOPLIST_KEY_UIApplicationSupportsIndirectInputEvents = YES;
				INFOPLIST_KEY_UILaunchScreen_Generation = YES;
				INFOPLIST_KEY_UISupportedInterfaceOrientations = UIInterfaceOrientationPortrait;
				INFOPLIST_KEY_UISupportedInterfaceOrientations_iPad = "UIInterfaceOrientationLandscapeLeft UIInterfaceOrientationLandscapeRight UIInterfaceOrientationPortrait UIInterfaceOrientationPortraitUpsideDown";
				IPHONEOS_DEPLOYMENT_TARGET = 16.0;
				LD_RUNPATH_SEARCH_PATHS = (
					"$(inherited)",
					"@executable_path/Frameworks",
				);
				MARKETING_VERSION = 1.0;
				PRODUCT_BUNDLE_IDENTIFIER = "k4.Expense-Tracker";
				PRODUCT_NAME = "$(TARGET_NAME)";
				SUPPORTED_PLATFORMS = "iphoneos iphonesimulator";
				SUPPORTS_MACCATALYST = NO;
				SUPPORTS_MAC_DESIGNED_FOR_IPHONE_IPAD = NO;
				SWIFT_EMIT_LOC_STRINGS = YES;
				SWIFT_VERSION = 5.0;
				TARGETED_DEVICE_FAMILY = 1;
			};
			name = Release;
		};
/* End XCBuildConfiguration section */

/* Begin XCConfigurationList section */
		02A8ECCB2A6D7650001E5661 /* Build configuration list for PBXProject "Expense Tracker" */ = {
			isa = XCConfigurationList;
			buildConfigurations = (
				02A8ECDC2A6D7652001E5661 /* Debug */,
				02A8ECDD2A6D7652001E5661 /* Release */,
			);
			defaultConfigurationIsVisible = 0;
			defaultConfigurationName = Release;
		};
		02A8ECDE2A6D7652001E5661 /* Build configuration list for PBXNativeTarget "Expense Tracker" */ = {
			isa = XCConfigurationList;
			buildConfigurations = (
				02A8ECDF2A6D7652001E5661 /* Debug */,
				02A8ECE02A6D7652001E5661 /* Release */,
			);
			defaultConfigurationIsVisible = 0;
			defaultConfigurationName = Release;
		};
/* End XCConfigurationList section */

/* Begin XCRemoteSwiftPackageReference section */
		02A8ED142A6EB0EB001E5661 /* XCRemoteSwiftPackageReference "lottie-ios" */ = {
			isa = XCRemoteSwiftPackageReference;
			repositoryURL = "https://github.com/airbnb/lottie-ios.git";
			requirement = {
				kind = upToNextMajorVersion;
				minimumVersion = 4.0.0;
			};
		};
/* End XCRemoteSwiftPackageReference section */

/* Begin XCSwiftPackageProductDependency section */
		02A8ED152A6EB0EB001E5661 /* Lottie */ = {
			isa = XCSwiftPackageProductDependency;
			package = 02A8ED142A6EB0EB001E5661 /* XCRemoteSwiftPackageReference "lottie-ios" */;
			productName = Lottie;
		};
/* End XCSwiftPackageProductDependency section */
	};
	rootObject = 02A8ECC82A6D7650001E5661 /* Project object */;
}
